
Microsoft Visual Studio Solution File, Format Version 12.00
# Visual Studio 2015
Project("{FAE04EC0-301F-11D3-BF4B-00C04F79EFBC}") = "ResourceCache", "ResourceCache.csproj", "{8879C84C-9A39-C9E5-E02C-B308C4E49159}"
EndProject
Project("{FAE04EC0-301F-11D3-BF4B-00C04F79EFBC}") = "CommonUtils", "CommonUtils.csproj", "{91CFD200-038D-D2A9-F6E6-D99AE70F731D}"
EndProject
Project("{FAE04EC0-301F-11D3-BF4B-00C04F79EFBC}") = "StateController", "StateController.csproj", "{B7F9C8BA-202D-4F8B-CFB5-A739F28C4EB3}"
EndProject
Project("{FAE04EC0-301F-11D3-BF4B-00C04F79EFBC}") = "Algorithm", "Algorithm.csproj", "{8046E491-5C6D-511D-3CCD-B6F4C27A3297}"
EndProject
Project("{FAE04EC0-301F-11D3-BF4B-00C04F79EFBC}") = "SequenceLine", "SequenceLine.csproj", "{F33E1AA2-9B5E-81FC-BF5D-BC33CACED3D3}"
EndProject
Project("{FAE04EC0-301F-11D3-BF4B-00C04F79EFBC}") = "BVHFull", "BVHFull.csproj", "{416CB6B9-C93B-4971-C2CC-EFDBE556FEFB}"
EndProject
Project("{FAE04EC0-301F-11D3-BF4B-00C04F79EFBC}") = "BVHIncreament", "BVHIncreament.csproj", "{DC97E07A-4317-B8C1-F702-D1C28A2733D6}"
EndProject
Project("{FAE04EC0-301F-11D3-BF4B-00C04F79EFBC}") = "SpellSystem", "SpellSystem.csproj", "{ACCE08AF-357C-1CEC-0467-3C960429A85B}"
EndProject
Project("{FAE04EC0-301F-11D3-BF4B-00C04F79EFBC}") = "OcclusionCulling", "OcclusionCulling.csproj", "{46D41C25-92F1-1C63-9546-B05F0DF34738}"
EndProject
Project("{FAE04EC0-301F-11D3-BF4B-00C04F79EFBC}") = "UnityMile", "UnityMile.csproj", "{A935B9BF-E138-E31B-5F88-454D979728ED}"
EndProject
Project("{FAE04EC0-301F-11D3-BF4B-00C04F79EFBC}") = "ClientNetwork", "ClientNetwork.csproj", "{A72BCDE4-C3B2-BF6E-F9C3-17B941913E82}"
EndProject
Project("{FAE04EC0-301F-11D3-BF4B-00C04F79EFBC}") = "Logger", "Logger.csproj", "{955C23E6-1107-C52E-F944-390775F3728B}"
EndProject
Project("{FAE04EC0-301F-11D3-BF4B-00C04F79EFBC}") = "ProtobufMessage", "ProtobufMessage.csproj", "{C6978408-DDA3-2531-4C99-2B16FCA636D9}"
EndProject
Project("{FAE04EC0-301F-11D3-BF4B-00C04F79EFBC}") = "GameDataRuntime", "GameDataRuntime.csproj", "{C723AD79-6D14-6DA7-0732-A11CC551AB07}"
EndProject
Project("{FAE04EC0-301F-11D3-BF4B-00C04F79EFBC}") = "AssetManager", "AssetManager.csproj", "{5209A28C-DB3A-6BC1-EF7A-58BE747D070E}"
EndProject
Project("{FAE04EC0-301F-11D3-BF4B-00C04F79EFBC}") = "GameDataDefine", "GameDataDefine.csproj", "{9BD845F0-FDB6-E735-D93B-3B91D3B99F1E}"
EndProject
Project("{FAE04EC0-301F-11D3-BF4B-00C04F79EFBC}") = "Assembly-CSharp", "Assembly-CSharp.csproj", "{69B6C8F0-A092-6A6A-098C-0C119DFDB7A6}"
EndProject
Project("{FAE04EC0-301F-11D3-BF4B-00C04F79EFBC}") = "ResourceCacheBehaviour", "ResourceCacheBehaviour.csproj", "{F938D666-F90E-51BF-266A-E4DA62A75214}"
EndProject
Project("{FAE04EC0-301F-11D3-BF4B-00C04F79EFBC}") = "AutomaticLOD", "AutomaticLOD.csproj", "{D289987C-4D5D-00D4-2221-B10BBF22FD20}"
EndProject
Project("{FAE04EC0-301F-11D3-BF4B-00C04F79EFBC}") = "AutomaticLOD_EDITOR", "AutomaticLOD_EDITOR.csproj", "{E4224711-C8B3-B4E1-5D72-20AAA9CC7228}"
EndProject
Project("{FAE04EC0-301F-11D3-BF4B-00C04F79EFBC}") = "Assembly-CSharp-Editor", "Assembly-CSharp-Editor.csproj", "{D5962A9C-70C2-820D-19EC-FC8D10D2A8EB}"
EndProject
Global
	GlobalSection(SolutionConfigurationPlatforms) = preSolution
		Debug|Any CPU = Debug|Any CPU
		Release|Any CPU = Release|Any CPU
	EndGlobalSection
	GlobalSection(ProjectConfigurationPlatforms) = postSolution
		{8879C84C-9A39-C9E5-E02C-B308C4E49159}.Debug|Any CPU.ActiveCfg = Debug|Any CPU
		{8879C84C-9A39-C9E5-E02C-B308C4E49159}.Debug|Any CPU.Build.0 = Debug|Any CPU
		{8879C84C-9A39-C9E5-E02C-B308C4E49159}.Release|Any CPU.ActiveCfg = Release|Any CPU
		{8879C84C-9A39-C9E5-E02C-B308C4E49159}.Release|Any CPU.Build.0 = Release|Any CPU
		{91CFD200-038D-D2A9-F6E6-D99AE70F731D}.Debug|Any CPU.ActiveCfg = Debug|Any CPU
		{91CFD200-038D-D2A9-F6E6-D99AE70F731D}.Debug|Any CPU.Build.0 = Debug|Any CPU
		{91CFD200-038D-D2A9-F6E6-D99AE70F731D}.Release|Any CPU.ActiveCfg = Release|Any CPU
		{91CFD200-038D-D2A9-F6E6-D99AE70F731D}.Release|Any CPU.Build.0 = Release|Any CPU
		{B7F9C8BA-202D-4F8B-CFB5-A739F28C4EB3}.Debug|Any CPU.ActiveCfg = Debug|Any CPU
		{B7F9C8BA-202D-4F8B-CFB5-A739F28C4EB3}.Debug|Any CPU.Build.0 = Debug|Any CPU
		{B7F9C8BA-202D-4F8B-CFB5-A739F28C4EB3}.Release|Any CPU.ActiveCfg = Release|Any CPU
		{B7F9C8BA-202D-4F8B-CFB5-A739F28C4EB3}.Release|Any CPU.Build.0 = Release|Any CPU
		{8046E491-5C6D-511D-3CCD-B6F4C27A3297}.Debug|Any CPU.ActiveCfg = Debug|Any CPU
		{8046E491-5C6D-511D-3CCD-B6F4C27A3297}.Debug|Any CPU.Build.0 = Debug|Any CPU
		{8046E491-5C6D-511D-3CCD-B6F4C27A3297}.Release|Any CPU.ActiveCfg = Release|Any CPU
		{8046E491-5C6D-511D-3CCD-B6F4C27A3297}.Release|Any CPU.Build.0 = Release|Any CPU
		{F33E1AA2-9B5E-81FC-BF5D-BC33CACED3D3}.Debug|Any CPU.ActiveCfg = Debug|Any CPU
		{F33E1AA2-9B5E-81FC-BF5D-BC33CACED3D3}.Debug|Any CPU.Build.0 = Debug|Any CPU
		{F33E1AA2-9B5E-81FC-BF5D-BC33CACED3D3}.Release|Any CPU.ActiveCfg = Release|Any CPU
		{F33E1AA2-9B5E-81FC-BF5D-BC33CACED3D3}.Release|Any CPU.Build.0 = Release|Any CPU
		{416CB6B9-C93B-4971-C2CC-EFDBE556FEFB}.Debug|Any CPU.ActiveCfg = Debug|Any CPU
		{416CB6B9-C93B-4971-C2CC-EFDBE556FEFB}.Debug|Any CPU.Build.0 = Debug|Any CPU
		{416CB6B9-C93B-4971-C2CC-EFDBE556FEFB}.Release|Any CPU.ActiveCfg = Release|Any CPU
		{416CB6B9-C93B-4971-C2CC-EFDBE556FEFB}.Release|Any CPU.Build.0 = Release|Any CPU
		{DC97E07A-4317-B8C1-F702-D1C28A2733D6}.Debug|Any CPU.ActiveCfg = Debug|Any CPU
		{DC97E07A-4317-B8C1-F702-D1C28A2733D6}.Debug|Any CPU.Build.0 = Debug|Any CPU
		{DC97E07A-4317-B8C1-F702-D1C28A2733D6}.Release|Any CPU.ActiveCfg = Release|Any CPU
		{DC97E07A-4317-B8C1-F702-D1C28A2733D6}.Release|Any CPU.Build.0 = Release|Any CPU
		{ACCE08AF-357C-1CEC-0467-3C960429A85B}.Debug|Any CPU.ActiveCfg = Debug|Any CPU
		{ACCE08AF-357C-1CEC-0467-3C960429A85B}.Debug|Any CPU.Build.0 = Debug|Any CPU
		{ACCE08AF-357C-1CEC-0467-3C960429A85B}.Release|Any CPU.ActiveCfg = Release|Any CPU
		{ACCE08AF-357C-1CEC-0467-3C960429A85B}.Release|Any CPU.Build.0 = Release|Any CPU
		{46D41C25-92F1-1C63-9546-B05F0DF34738}.Debug|Any CPU.ActiveCfg = Debug|Any CPU
		{46D41C25-92F1-1C63-9546-B05F0DF34738}.Debug|Any CPU.Build.0 = Debug|Any CPU
		{46D41C25-92F1-1C63-9546-B05F0DF34738}.Release|Any CPU.ActiveCfg = Release|Any CPU
		{46D41C25-92F1-1C63-9546-B05F0DF34738}.Release|Any CPU.Build.0 = Release|Any CPU
		{A935B9BF-E138-E31B-5F88-454D979728ED}.Debug|Any CPU.ActiveCfg = Debug|Any CPU
		{A935B9BF-E138-E31B-5F88-454D979728ED}.Debug|Any CPU.Build.0 = Debug|Any CPU
		{A935B9BF-E138-E31B-5F88-454D979728ED}.Release|Any CPU.ActiveCfg = Release|Any CPU
		{A935B9BF-E138-E31B-5F88-454D979728ED}.Release|Any CPU.Build.0 = Release|Any CPU
		{A72BCDE4-C3B2-BF6E-F9C3-17B941913E82}.Debug|Any CPU.ActiveCfg = Debug|Any CPU
		{A72BCDE4-C3B2-BF6E-F9C3-17B941913E82}.Debug|Any CPU.Build.0 = Debug|Any CPU
		{A72BCDE4-C3B2-BF6E-F9C3-17B941913E82}.Release|Any CPU.ActiveCfg = Release|Any CPU
		{A72BCDE4-C3B2-BF6E-F9C3-17B941913E82}.Release|Any CPU.Build.0 = Release|Any CPU
		{955C23E6-1107-C52E-F944-390775F3728B}.Debug|Any CPU.ActiveCfg = Debug|Any CPU
		{955C23E6-1107-C52E-F944-390775F3728B}.Debug|Any CPU.Build.0 = Debug|Any CPU
		{955C23E6-1107-C52E-F944-390775F3728B}.Release|Any CPU.ActiveCfg = Release|Any CPU
		{955C23E6-1107-C52E-F944-390775F3728B}.Release|Any CPU.Build.0 = Release|Any CPU
		{C6978408-DDA3-2531-4C99-2B16FCA636D9}.Debug|Any CPU.ActiveCfg = Debug|Any CPU
		{C6978408-DDA3-2531-4C99-2B16FCA636D9}.Debug|Any CPU.Build.0 = Debug|Any CPU
		{C6978408-DDA3-2531-4C99-2B16FCA636D9}.Release|Any CPU.ActiveCfg = Release|Any CPU
		{C6978408-DDA3-2531-4C99-2B16FCA636D9}.Release|Any CPU.Build.0 = Release|Any CPU
		{C723AD79-6D14-6DA7-0732-A11CC551AB07}.Debug|Any CPU.ActiveCfg = Debug|Any CPU
		{C723AD79-6D14-6DA7-0732-A11CC551AB07}.Debug|Any CPU.Build.0 = Debug|Any CPU
		{C723AD79-6D14-6DA7-0732-A11CC551AB07}.Release|Any CPU.ActiveCfg = Release|Any CPU
		{C723AD79-6D14-6DA7-0732-A11CC551AB07}.Release|Any CPU.Build.0 = Release|Any CPU
		{5209A28C-DB3A-6BC1-EF7A-58BE747D070E}.Debug|Any CPU.ActiveCfg = Debug|Any CPU
		{5209A28C-DB3A-6BC1-EF7A-58BE747D070E}.Debug|Any CPU.Build.0 = Debug|Any CPU
		{5209A28C-DB3A-6BC1-EF7A-58BE747D070E}.Release|Any CPU.ActiveCfg = Release|Any CPU
		{5209A28C-DB3A-6BC1-EF7A-58BE747D070E}.Release|Any CPU.Build.0 = Release|Any CPU
		{9BD845F0-FDB6-E735-D93B-3B91D3B99F1E}.Debug|Any CPU.ActiveCfg = Debug|Any CPU
		{9BD845F0-FDB6-E735-D93B-3B91D3B99F1E}.Debug|Any CPU.Build.0 = Debug|Any CPU
		{9BD845F0-FDB6-E735-D93B-3B91D3B99F1E}.Release|Any CPU.ActiveCfg = Release|Any CPU
		{9BD845F0-FDB6-E735-D93B-3B91D3B99F1E}.Release|Any CPU.Build.0 = Release|Any CPU
		{69B6C8F0-A092-6A6A-098C-0C119DFDB7A6}.Debug|Any CPU.ActiveCfg = Debug|Any CPU
		{69B6C8F0-A092-6A6A-098C-0C119DFDB7A6}.Debug|Any CPU.Build.0 = Debug|Any CPU
		{69B6C8F0-A092-6A6A-098C-0C119DFDB7A6}.Release|Any CPU.ActiveCfg = Release|Any CPU
		{69B6C8F0-A092-6A6A-098C-0C119DFDB7A6}.Release|Any CPU.Build.0 = Release|Any CPU
		{F938D666-F90E-51BF-266A-E4DA62A75214}.Debug|Any CPU.ActiveCfg = Debug|Any CPU
		{F938D666-F90E-51BF-266A-E4DA62A75214}.Debug|Any CPU.Build.0 = Debug|Any CPU
		{F938D666-F90E-51BF-266A-E4DA62A75214}.Release|Any CPU.ActiveCfg = Release|Any CPU
		{F938D666-F90E-51BF-266A-E4DA62A75214}.Release|Any CPU.Build.0 = Release|Any CPU
		{D289987C-4D5D-00D4-2221-B10BBF22FD20}.Debug|Any CPU.ActiveCfg = Debug|Any CPU
		{D289987C-4D5D-00D4-2221-B10BBF22FD20}.Debug|Any CPU.Build.0 = Debug|Any CPU
		{D289987C-4D5D-00D4-2221-B10BBF22FD20}.Release|Any CPU.ActiveCfg = Release|Any CPU
		{D289987C-4D5D-00D4-2221-B10BBF22FD20}.Release|Any CPU.Build.0 = Release|Any CPU
		{E4224711-C8B3-B4E1-5D72-20AAA9CC7228}.Debug|Any CPU.ActiveCfg = Debug|Any CPU
		{E4224711-C8B3-B4E1-5D72-20AAA9CC7228}.Debug|Any CPU.Build.0 = Debug|Any CPU
		{E4224711-C8B3-B4E1-5D72-20AAA9CC7228}.Release|Any CPU.ActiveCfg = Release|Any CPU
		{E4224711-C8B3-B4E1-5D72-20AAA9CC7228}.Release|Any CPU.Build.0 = Release|Any CPU
		{D5962A9C-70C2-820D-19EC-FC8D10D2A8EB}.Debug|Any CPU.ActiveCfg = Debug|Any CPU
		{D5962A9C-70C2-820D-19EC-FC8D10D2A8EB}.Debug|Any CPU.Build.0 = Debug|Any CPU
		{D5962A9C-70C2-820D-19EC-FC8D10D2A8EB}.Release|Any CPU.ActiveCfg = Release|Any CPU
		{D5962A9C-70C2-820D-19EC-FC8D10D2A8EB}.Release|Any CPU.Build.0 = Release|Any CPU
	EndGlobalSection
	GlobalSection(SolutionProperties) = preSolution
		HideSolutionNode = FALSE
	EndGlobalSection
EndGlobal
