
Microsoft Visual Studio Solution File, Format Version 12.00
# Visual Studio 15
VisualStudioVersion = 15.0.28307.1231
MinimumVisualStudioVersion = 10.0.40219.1
Project("{FAE04EC0-301F-11D3-BF4B-00C04F79EFBC}") = "SequenceLine", "SequenceLine\SequenceLine.csproj", "{DAA1E3BC-7780-49B2-955E-6FAADE84AA6E}"
	ProjectSection(ProjectDependencies) = postProject
		{E6DCB454-70BC-4B6E-9BD4-22EE1B21EAC9} = {E6DCB454-70BC-4B6E-9BD4-22EE1B21EAC9}
	EndProjectSection
EndProject
Project("{FAE04EC0-301F-11D3-BF4B-00C04F79EFBC}") = "ClientNetwork", "ClientNetwork\ClientNetwork.csproj", "{A384D29F-51F4-4968-AB04-44FD1803B4BE}"
EndProject
Project("{FAE04EC0-301F-11D3-BF4B-00C04F79EFBC}") = "CommonUtils", "CommonUtils\CommonUtils.csproj", "{E6DCB454-70BC-4B6E-9BD4-22EE1B21EAC9}"
EndProject
Project("{FAE04EC0-301F-11D3-BF4B-00C04F79EFBC}") = "GameDataDefine", "GameDataDefine\GameDataDefine.csproj", "{CA6C8906-9D48-41CC-832A-29C3792B2AED}"
	ProjectSection(ProjectDependencies) = postProject
		{E6DCB454-70BC-4B6E-9BD4-22EE1B21EAC9} = {E6DCB454-70BC-4B6E-9BD4-22EE1B21EAC9}
	EndProjectSection
EndProject
Project("{FAE04EC0-301F-11D3-BF4B-00C04F79EFBC}") = "GameDataRuntime", "GameDataRuntime\GameDataRuntime.csproj", "{05B46955-D701-466D-BA2C-6DCA2FA88ED1}"
EndProject
Project("{FAE04EC0-301F-11D3-BF4B-00C04F79EFBC}") = "Logger", "Logger\Logger.csproj", "{96B3BE39-9308-4874-AC9B-8FF44D723311}"
EndProject
Project("{FAE04EC0-301F-11D3-BF4B-00C04F79EFBC}") = "ResourceCache", "ResourceCache\ResourceCache.csproj", "{2899ABA2-A547-4091-AAE0-BA5617642328}"
EndProject
Project("{FAE04EC0-301F-11D3-BF4B-00C04F79EFBC}") = "ResourceCacheBehaviour", "ResourceCacheBehaviour\ResourceCacheBehaviour.csproj", "{B76FE350-A13C-4FBF-B790-A0E251090024}"
EndProject
Project("{FAE04EC0-301F-11D3-BF4B-00C04F79EFBC}") = "StateController", "StateController\StateController.csproj", "{9C708A14-BE68-458A-9CC1-080415410D37}"
EndProject
Project("{2150E333-8FDC-42A3-9474-1A3956D46DE8}") = "ExcelTools", "ExcelTools", "{32A99547-3D12-42E3-BF90-7972027C0C80}"
EndProject
Project("{FAE04EC0-301F-11D3-BF4B-00C04F79EFBC}") = "GameDataChecker", "ExcelTools\GameDataChecker\GameDataChecker.csproj", "{CB51ADFE-EE56-4FFE-B01D-2316865D0C8A}"
EndProject
Project("{FAE04EC0-301F-11D3-BF4B-00C04F79EFBC}") = "GameDataExport", "ExcelTools\GameDataExport\GameDataExport.csproj", "{5F5C271C-970F-48E6-9498-D54615C07110}"
EndProject
Project("{FAE04EC0-301F-11D3-BF4B-00C04F79EFBC}") = "SpellSystem", "SpellSystem\SpellSystem.csproj", "{D9E9DCA1-F716-4B3A-9470-114211FC93A8}"
EndProject
Project("{2150E333-8FDC-42A3-9474-1A3956D46DE8}") = "UserCustom", "UserCustom", "{CA9BBF30-7CB8-4D01-8306-F76CDB624B51}"
EndProject
Project("{FAE04EC0-301F-11D3-BF4B-00C04F79EFBC}") = "AssetManager", "AssetManager\AssetManager.csproj", "{C6A22BBA-2793-4C9A-AC25-86966B3E8C20}"
EndProject
Project("{FAE04EC0-301F-11D3-BF4B-00C04F79EFBC}") = "UnityMile", "UnityMile\UnityMile.csproj", "{9BD805C4-CD8D-4065-8F44-E3CEE7B87921}"
EndProject
Project("{FAE04EC0-301F-11D3-BF4B-00C04F79EFBC}") = "Google.Protobuf", "Google.Protobuf\Google.Protobuf.csproj", "{D6EBF8BC-8494-40E0-8513-BAF71C196665}"
EndProject
Project("{2150E333-8FDC-42A3-9474-1A3956D46DE8}") = "ProtobufMessage", "ProtobufMessage", "{6E23BFA5-72A5-4D9C-A691-7579390F8C0D}"
EndProject
Project("{FAE04EC0-301F-11D3-BF4B-00C04F79EFBC}") = "ProtobufMessage", "ProtobufMessage\ProtobufMessage.csproj", "{C173C1C5-60A1-4221-8889-85E373DBDFFB}"
EndProject
Project("{FAE04EC0-301F-11D3-BF4B-00C04F79EFBC}") = "Algorithm", "Algorithm\Algorithm.csproj", "{89565F34-F86B-423B-9A82-B535FC85E71E}"
EndProject
Global
	GlobalSection(SolutionConfigurationPlatforms) = preSolution
		Debug|Any CPU = Debug|Any CPU
		Release|Any CPU = Release|Any CPU
	EndGlobalSection
	GlobalSection(ProjectConfigurationPlatforms) = postSolution
		{DAA1E3BC-7780-49B2-955E-6FAADE84AA6E}.Debug|Any CPU.ActiveCfg = Debug|Any CPU
		{DAA1E3BC-7780-49B2-955E-6FAADE84AA6E}.Debug|Any CPU.Build.0 = Debug|Any CPU
		{DAA1E3BC-7780-49B2-955E-6FAADE84AA6E}.Release|Any CPU.ActiveCfg = Release|Any CPU
		{DAA1E3BC-7780-49B2-955E-6FAADE84AA6E}.Release|Any CPU.Build.0 = Release|Any CPU
		{A384D29F-51F4-4968-AB04-44FD1803B4BE}.Debug|Any CPU.ActiveCfg = Debug|Any CPU
		{A384D29F-51F4-4968-AB04-44FD1803B4BE}.Debug|Any CPU.Build.0 = Debug|Any CPU
		{A384D29F-51F4-4968-AB04-44FD1803B4BE}.Release|Any CPU.ActiveCfg = Release|Any CPU
		{A384D29F-51F4-4968-AB04-44FD1803B4BE}.Release|Any CPU.Build.0 = Release|Any CPU
		{E6DCB454-70BC-4B6E-9BD4-22EE1B21EAC9}.Debug|Any CPU.ActiveCfg = Debug|Any CPU
		{E6DCB454-70BC-4B6E-9BD4-22EE1B21EAC9}.Debug|Any CPU.Build.0 = Debug|Any CPU
		{E6DCB454-70BC-4B6E-9BD4-22EE1B21EAC9}.Release|Any CPU.ActiveCfg = Release|Any CPU
		{E6DCB454-70BC-4B6E-9BD4-22EE1B21EAC9}.Release|Any CPU.Build.0 = Release|Any CPU
		{CA6C8906-9D48-41CC-832A-29C3792B2AED}.Debug|Any CPU.ActiveCfg = Debug|Any CPU
		{CA6C8906-9D48-41CC-832A-29C3792B2AED}.Debug|Any CPU.Build.0 = Debug|Any CPU
		{CA6C8906-9D48-41CC-832A-29C3792B2AED}.Release|Any CPU.ActiveCfg = Release|Any CPU
		{CA6C8906-9D48-41CC-832A-29C3792B2AED}.Release|Any CPU.Build.0 = Release|Any CPU
		{05B46955-D701-466D-BA2C-6DCA2FA88ED1}.Debug|Any CPU.ActiveCfg = Debug|Any CPU
		{05B46955-D701-466D-BA2C-6DCA2FA88ED1}.Debug|Any CPU.Build.0 = Debug|Any CPU
		{05B46955-D701-466D-BA2C-6DCA2FA88ED1}.Release|Any CPU.ActiveCfg = Release|Any CPU
		{05B46955-D701-466D-BA2C-6DCA2FA88ED1}.Release|Any CPU.Build.0 = Release|Any CPU
		{96B3BE39-9308-4874-AC9B-8FF44D723311}.Debug|Any CPU.ActiveCfg = Debug|Any CPU
		{96B3BE39-9308-4874-AC9B-8FF44D723311}.Debug|Any CPU.Build.0 = Debug|Any CPU
		{96B3BE39-9308-4874-AC9B-8FF44D723311}.Release|Any CPU.ActiveCfg = Release|Any CPU
		{96B3BE39-9308-4874-AC9B-8FF44D723311}.Release|Any CPU.Build.0 = Release|Any CPU
		{2899ABA2-A547-4091-AAE0-BA5617642328}.Debug|Any CPU.ActiveCfg = Debug|Any CPU
		{2899ABA2-A547-4091-AAE0-BA5617642328}.Debug|Any CPU.Build.0 = Debug|Any CPU
		{2899ABA2-A547-4091-AAE0-BA5617642328}.Release|Any CPU.ActiveCfg = Release|Any CPU
		{2899ABA2-A547-4091-AAE0-BA5617642328}.Release|Any CPU.Build.0 = Release|Any CPU
		{B76FE350-A13C-4FBF-B790-A0E251090024}.Debug|Any CPU.ActiveCfg = Debug|Any CPU
		{B76FE350-A13C-4FBF-B790-A0E251090024}.Debug|Any CPU.Build.0 = Debug|Any CPU
		{B76FE350-A13C-4FBF-B790-A0E251090024}.Release|Any CPU.ActiveCfg = Release|Any CPU
		{B76FE350-A13C-4FBF-B790-A0E251090024}.Release|Any CPU.Build.0 = Release|Any CPU
		{9C708A14-BE68-458A-9CC1-080415410D37}.Debug|Any CPU.ActiveCfg = Debug|Any CPU
		{9C708A14-BE68-458A-9CC1-080415410D37}.Debug|Any CPU.Build.0 = Debug|Any CPU
		{9C708A14-BE68-458A-9CC1-080415410D37}.Release|Any CPU.ActiveCfg = Release|Any CPU
		{9C708A14-BE68-458A-9CC1-080415410D37}.Release|Any CPU.Build.0 = Release|Any CPU
		{CB51ADFE-EE56-4FFE-B01D-2316865D0C8A}.Debug|Any CPU.ActiveCfg = Debug|Any CPU
		{CB51ADFE-EE56-4FFE-B01D-2316865D0C8A}.Debug|Any CPU.Build.0 = Debug|Any CPU
		{CB51ADFE-EE56-4FFE-B01D-2316865D0C8A}.Release|Any CPU.ActiveCfg = Release|Any CPU
		{CB51ADFE-EE56-4FFE-B01D-2316865D0C8A}.Release|Any CPU.Build.0 = Release|Any CPU
		{5F5C271C-970F-48E6-9498-D54615C07110}.Debug|Any CPU.ActiveCfg = Debug|Any CPU
		{5F5C271C-970F-48E6-9498-D54615C07110}.Debug|Any CPU.Build.0 = Debug|Any CPU
		{5F5C271C-970F-48E6-9498-D54615C07110}.Release|Any CPU.ActiveCfg = Release|Any CPU
		{5F5C271C-970F-48E6-9498-D54615C07110}.Release|Any CPU.Build.0 = Release|Any CPU
		{D9E9DCA1-F716-4B3A-9470-114211FC93A8}.Debug|Any CPU.ActiveCfg = Debug|Any CPU
		{D9E9DCA1-F716-4B3A-9470-114211FC93A8}.Debug|Any CPU.Build.0 = Debug|Any CPU
		{D9E9DCA1-F716-4B3A-9470-114211FC93A8}.Release|Any CPU.ActiveCfg = Release|Any CPU
		{D9E9DCA1-F716-4B3A-9470-114211FC93A8}.Release|Any CPU.Build.0 = Release|Any CPU
		{C6A22BBA-2793-4C9A-AC25-86966B3E8C20}.Debug|Any CPU.ActiveCfg = Debug|Any CPU
		{C6A22BBA-2793-4C9A-AC25-86966B3E8C20}.Debug|Any CPU.Build.0 = Debug|Any CPU
		{C6A22BBA-2793-4C9A-AC25-86966B3E8C20}.Release|Any CPU.ActiveCfg = Release|Any CPU
		{C6A22BBA-2793-4C9A-AC25-86966B3E8C20}.Release|Any CPU.Build.0 = Release|Any CPU
		{9BD805C4-CD8D-4065-8F44-E3CEE7B87921}.Debug|Any CPU.ActiveCfg = Debug|Any CPU
		{9BD805C4-CD8D-4065-8F44-E3CEE7B87921}.Debug|Any CPU.Build.0 = Debug|Any CPU
		{9BD805C4-CD8D-4065-8F44-E3CEE7B87921}.Release|Any CPU.ActiveCfg = Release|Any CPU
		{9BD805C4-CD8D-4065-8F44-E3CEE7B87921}.Release|Any CPU.Build.0 = Release|Any CPU
		{D6EBF8BC-8494-40E0-8513-BAF71C196665}.Debug|Any CPU.ActiveCfg = Debug|Any CPU
		{D6EBF8BC-8494-40E0-8513-BAF71C196665}.Debug|Any CPU.Build.0 = Debug|Any CPU
		{D6EBF8BC-8494-40E0-8513-BAF71C196665}.Release|Any CPU.ActiveCfg = Release|Any CPU
		{D6EBF8BC-8494-40E0-8513-BAF71C196665}.Release|Any CPU.Build.0 = Release|Any CPU
		{C173C1C5-60A1-4221-8889-85E373DBDFFB}.Debug|Any CPU.ActiveCfg = Debug|Any CPU
		{C173C1C5-60A1-4221-8889-85E373DBDFFB}.Debug|Any CPU.Build.0 = Debug|Any CPU
		{C173C1C5-60A1-4221-8889-85E373DBDFFB}.Release|Any CPU.ActiveCfg = Release|Any CPU
		{C173C1C5-60A1-4221-8889-85E373DBDFFB}.Release|Any CPU.Build.0 = Release|Any CPU
		{89565F34-F86B-423B-9A82-B535FC85E71E}.Debug|Any CPU.ActiveCfg = Debug|Any CPU
		{89565F34-F86B-423B-9A82-B535FC85E71E}.Debug|Any CPU.Build.0 = Debug|Any CPU
		{89565F34-F86B-423B-9A82-B535FC85E71E}.Release|Any CPU.ActiveCfg = Release|Any CPU
		{89565F34-F86B-423B-9A82-B535FC85E71E}.Release|Any CPU.Build.0 = Release|Any CPU
	EndGlobalSection
	GlobalSection(SolutionProperties) = preSolution
		HideSolutionNode = FALSE
	EndGlobalSection
	GlobalSection(NestedProjects) = preSolution
		{CA6C8906-9D48-41CC-832A-29C3792B2AED} = {CA9BBF30-7CB8-4D01-8306-F76CDB624B51}
		{B76FE350-A13C-4FBF-B790-A0E251090024} = {CA9BBF30-7CB8-4D01-8306-F76CDB624B51}
		{CB51ADFE-EE56-4FFE-B01D-2316865D0C8A} = {32A99547-3D12-42E3-BF90-7972027C0C80}
		{5F5C271C-970F-48E6-9498-D54615C07110} = {32A99547-3D12-42E3-BF90-7972027C0C80}
		{D6EBF8BC-8494-40E0-8513-BAF71C196665} = {6E23BFA5-72A5-4D9C-A691-7579390F8C0D}
		{C173C1C5-60A1-4221-8889-85E373DBDFFB} = {6E23BFA5-72A5-4D9C-A691-7579390F8C0D}
	EndGlobalSection
	GlobalSection(ExtensibilityGlobals) = postSolution
		SolutionGuid = {0B1391D6-265F-4C32-BCF2-C1B632E3BDC4}
	EndGlobalSection
EndGlobal
